github.com/dyammarcano/base58 v1.0.0 h1:ncE9dKwLn/S15B2WuMXNq3YRCvsX23hm74A6eWzMGVw=
github.com/dyammarcano/base58 v1.0.0/go.mod h1:KdrUyXKfg5X9neB28kBnOCrdP61lL2I6CuL1JI39q7c=
golang.org/x/crypto v0.13.0 h1:mvySKfSWJ+UKUii46M40LOvyWfN0s2U+46/jDd0e6Ck=
golang.org/x/crypto v0.13.0/go.mod h1:y6Z2r+Rw4iayiXXAIxJIDAJ1zMW4yaTpebo8fPOliYc=
golang.org/x/sys v0.12.0 h1:CM0HF96J0hcLAwsHPJZjfdNzs0gftsLfgKt57wWHJ0o=
golang.org/x/sys v0.12.0/go.mod h1:oPkhp1MJrh7nUepCBck5+mAzfO9JrbApNNgaTdGDITg=
